
Microsoft Visual Studio Solution File, Format Version 12.00
# Visual Studio Version 16
VisualStudioVersion = 16.0.30907.101
MinimumVisualStudioVersion = 10.0.40219.1
Project("{6EC3EE1D-3C4E-46DD-8F32-0CC8E7565705}") = "Mines.Elements", "Mines.Elements\Mines.Elements.fsproj", "{60877DA7-32D3-48F8-83CE-B42CB5319B5C}"
EndProject
Project("{6EC3EE1D-3C4E-46DD-8F32-0CC8E7565705}") = "Mines.Elements.Tests", "Mines.Elements.Tests\Mines.Elements.Tests.fsproj", "{B55337A5-889D-4D2A-A97D-4883F9D439A7}"
EndProject
Project("{6EC3EE1D-3C4E-46DD-8F32-0CC8E7565705}") = "Mines.Viewer", "Mines.Viewer\Mines.Viewer.fsproj", "{C6A1EEC1-CAA7-4066-BFAB-4D29A842CCCD}"
EndProject
Project("{6EC3EE1D-3C4E-46DD-8F32-0CC8E7565705}") = "Mines.Annotations", "Mines.Annotations\Mines.Annotations.fsproj", "{C2ECD293-ECAB-48DE-9593-03ABEE64C47A}"
EndProject
Global
	GlobalSection(SolutionConfigurationPlatforms) = preSolution
		Debug|Any CPU = Debug|Any CPU
		Release|Any CPU = Release|Any CPU
	EndGlobalSection
	GlobalSection(ProjectConfigurationPlatforms) = postSolution
		{60877DA7-32D3-48F8-83CE-B42CB5319B5C}.Debug|Any CPU.ActiveCfg = Debug|Any CPU
		{60877DA7-32D3-48F8-83CE-B42CB5319B5C}.Debug|Any CPU.Build.0 = Debug|Any CPU
		{60877DA7-32D3-48F8-83CE-B42CB5319B5C}.Release|Any CPU.ActiveCfg = Release|Any CPU
		{60877DA7-32D3-48F8-83CE-B42CB5319B5C}.Release|Any CPU.Build.0 = Release|Any CPU
		{B55337A5-889D-4D2A-A97D-4883F9D439A7}.Debug|Any CPU.ActiveCfg = Debug|Any CPU
		{B55337A5-889D-4D2A-A97D-4883F9D439A7}.Debug|Any CPU.Build.0 = Debug|Any CPU
		{B55337A5-889D-4D2A-A97D-4883F9D439A7}.Release|Any CPU.ActiveCfg = Release|Any CPU
		{B55337A5-889D-4D2A-A97D-4883F9D439A7}.Release|Any CPU.Build.0 = Release|Any CPU
		{C6A1EEC1-CAA7-4066-BFAB-4D29A842CCCD}.Debug|Any CPU.ActiveCfg = Debug|Any CPU
		{C6A1EEC1-CAA7-4066-BFAB-4D29A842CCCD}.Debug|Any CPU.Build.0 = Debug|Any CPU
		{C6A1EEC1-CAA7-4066-BFAB-4D29A842CCCD}.Release|Any CPU.ActiveCfg = Release|Any CPU
		{C6A1EEC1-CAA7-4066-BFAB-4D29A842CCCD}.Release|Any CPU.Build.0 = Release|Any CPU
		{C2ECD293-ECAB-48DE-9593-03ABEE64C47A}.Debug|Any CPU.ActiveCfg = Debug|Any CPU
		{C2ECD293-ECAB-48DE-9593-03ABEE64C47A}.Debug|Any CPU.Build.0 = Debug|Any CPU
		{C2ECD293-ECAB-48DE-9593-03ABEE64C47A}.Release|Any CPU.ActiveCfg = Release|Any CPU
		{C2ECD293-ECAB-48DE-9593-03ABEE64C47A}.Release|Any CPU.Build.0 = Release|Any CPU
	EndGlobalSection
	GlobalSection(SolutionProperties) = preSolution
		HideSolutionNode = FALSE
	EndGlobalSection
	GlobalSection(ExtensibilityGlobals) = postSolution
		SolutionGuid = {24330E0E-0077-49C7-9474-355E60F20F80}
	EndGlobalSection
EndGlobal
